
Microsoft Visual Studio Solution File, Format Version 12.00
# Visual Studio Version 16
VisualStudioVersion = 16.0.29613.14
MinimumVisualStudioVersion = 10.0.40219.1
Project("{9A19103F-16F7-4668-BE54-9A1E7A4F7556}") = "TokenProvider", "TokenProvider\TokenProvider.csproj", "{B327E910-1345-4713-B5E1-05CDF93816EC}"
EndProject
Global
	GlobalSection(SolutionConfigurationPlatforms) = preSolution
		Debug|Any CPU = Debug|Any CPU
		Release|Any CPU = Release|Any CPU
	EndGlobalSection
	GlobalSection(ProjectConfigurationPlatforms) = postSolution
		{B327E910-1345-4713-B5E1-05CDF93816EC}.Debug|Any CPU.ActiveCfg = Debug|Any CPU
		{B327E910-1345-4713-B5E1-05CDF93816EC}.Debug|Any CPU.Build.0 = Debug|Any CPU
		{B327E910-1345-4713-B5E1-05CDF93816EC}.Release|Any CPU.ActiveCfg = Release|Any CPU
		{B327E910-1345-4713-B5E1-05CDF93816EC}.Release|Any CPU.Build.0 = Release|Any CPU
	EndGlobalSection
	GlobalSection(SolutionProperties) = preSolution
		HideSolutionNode = FALSE
	EndGlobalSection
	GlobalSection(ExtensibilityGlobals) = postSolution
		SolutionGuid = {D7EE1EF8-DD33-49E8-9269-ED5148AAB203}
	EndGlobalSection
EndGlobal
